{
  "nodes": {
    "nixpkgs": {
      "locked": {
        "lastModified": 1770599643,
        "narHash": "sha256-phaY4U0bfIO4jtJfHYN3BR6xMkMXr7vw8kPDJ9iEjds=",
        "owner": "nixos",
        "repo": "nixpkgs",
        "rev": "de02e416b866dd3df0be6e48c099a5cebf7090c8",
        "type": "github"
      },
      "original": {
        "owner": "nixos",
        "ref": "release-25.11",
        "repo": "nixpkgs",
        "type": "github"
      }
    },
    "root": {
      "inputs": {
        "nixpkgs": "nixpkgs"
      }
    }
  },
  "root": "root",
  "version": 7
}
