{
  "nodes": {
    "nixpkgs": {
      "locked": {
        "lastModified": 1767493596,
        "narHash": "sha256-cvBU2rVh0TRYea8l5RXnMz2iRNmFaD87TJTiF0SJdCo=",
        "owner": "nixos",
        "repo": "nixpkgs",
        "rev": "0d0b4e032b4c085fd8c3ef2c6d05527b44d8e330",
        "type": "github"
      },
      "original": {
        "owner": "nixos",
        "ref": "release-25.11",
        "repo": "nixpkgs",
        "type": "github"
      }
    },
    "root": {
      "inputs": {
        "nixpkgs": "nixpkgs"
      }
    }
  },
  "root": "root",
  "version": 7
}
